
Microsoft Visual Studio Solution File, Format Version 12.00
# Visual Studio Version 17
VisualStudioVersion = 17.6.33815.320
MinimumVisualStudioVersion = 10.0.40219.1
Project("{FAE04EC0-301F-11D3-BF4B-00C04F79EFBC}") = "HR", "HR\HR.csproj", "{D6CDF31C-C97E-4E4D-B5C6-6B0D1B9D4A42}"
EndProject
Global
	GlobalSection(SolutionConfigurationPlatforms) = preSolution
		Debug|Any CPU = Debug|Any CPU
		Release|Any CPU = Release|Any CPU
	EndGlobalSection
	GlobalSection(ProjectConfigurationPlatforms) = postSolution
		{D6CDF31C-C97E-4E4D-B5C6-6B0D1B9D4A42}.Debug|Any CPU.ActiveCfg = Debug|Any CPU
		{D6CDF31C-C97E-4E4D-B5C6-6B0D1B9D4A42}.Debug|Any CPU.Build.0 = Debug|Any CPU
		{D6CDF31C-C97E-4E4D-B5C6-6B0D1B9D4A42}.Release|Any CPU.ActiveCfg = Release|Any CPU
		{D6CDF31C-C97E-4E4D-B5C6-6B0D1B9D4A42}.Release|Any CPU.Build.0 = Release|Any CPU
	EndGlobalSection
	GlobalSection(SolutionProperties) = preSolution
		HideSolutionNode = FALSE
	EndGlobalSection
	GlobalSection(ExtensibilityGlobals) = postSolution
		SolutionGuid = {F1517C2D-3B4A-40B1-A357-74CEA91162ED}
	EndGlobalSection
EndGlobal
